<?xml version="1.0" encoding="UTF-8" standalone="yes" ?>
<CodeBlocks_project_file>
	<FileVersion major="1" minor="6" />
	<Project>
		<Option title="Greek-Letters-Converter-C++" />
		<Option pch_mode="2" />
		<Option compiler="gcc" />
		<Build>
			<Target title="Debug">
				<Option output="bin/Debug/Greek-Letters-Converter-C++" prefix_auto="1" extension_auto="1" />
				<Option object_output="obj/Debug/" />
				<Option type="1" />
				<Option compiler="gcc" />
				<Compiler>
					<Add option="-Wextra" />
					<Add option="-Wall" />
					<Add option="-pg" />
					<Add option="-g" />
					<Add option="-DDEFINED_BUILD_MODE_PRIVATE" />
				</Compiler>
				<Linker>
					<Add option="-pg -lgmon" />
				</Linker>
				<Environment>
					<Variable name="BUILD_MODE" value="-DDEFINED_BUILD_MODE_PRIVATE" />
				</Environment>
			</Target>
			<Target title="Release">
				<Option output="bin/Release/Greek-Letters-Converter-C++" prefix_auto="1" extension_auto="1" />
				<Option object_output="obj/Release/" />
				<Option type="1" />
				<Option compiler="gcc" />
				<Compiler>
					<Add option="-O2" />
					<Add option="-w" />
				</Compiler>
				<Linker>
					<Add option="-s" />
				</Linker>
				<Environment>
					<Variable name="BUILD_MODE" value="" />
				</Environment>
			</Target>
			<Environment>
				<Variable name="PATH_TO_VERSION" value="-I../C++/" />
			</Environment>
		</Build>
		<Compiler>
			<Add option="-Wall" />
		</Compiler>
		<Unit filename="../res/boilerplate.rc">
			<Option compilerVar="WINDRES" />
			<Option compiler="gcc" use="1" buildCommand="$rescomp $file $(BUILD_MODE) $(PATH_TO_VERSION) -O coff $resource_output" />
		</Unit>
		<Unit filename="main.cpp" />
		<Unit filename="version.h" />
		<Extensions>
			<AutoVersioning>
				<Scheme minor_max="10" build_max="0" rev_max="0" rev_rand_max="10" build_times_to_increment_minor="100" />
				<Settings autoincrement="1" date_declarations="1" use_define="1" update_manifest="1" do_auto_increment="1" ask_to_increment="0" language="C" svn="0" svn_directory="" header_path="version.h" />
				<Changes_Log show_changes_editor="1" app_title="released version %M.%m.%b of %p" changeslog_path="..\..\Greek-Letters-Converter\C++\ChangesLog.txt" />
				<Code header_guard="__VERSION_HEADER__" namespace="Version" prefix="DEFINED_VER" />
			</AutoVersioning>
			<code_completion />
			<envvars />
			<debugger />
			<lib_finder disable_auto="1" />
		</Extensions>
	</Project>
</CodeBlocks_project_file>
